// !$*UTF8*$!
{
	archiveVersion = 1;
	classes = {
	};
	objectVersion = 52;
	objects = {

/* Begin PBXBuildFile section */
		09371AAF2550D40700A8347F /* FacebookReactionsApp.swift in Sources */ = {isa = PBXBuildFile; fileRef = 09371AAE2550D40700A8347F /* FacebookReactionsApp.swift */; };
		09371AB12550D40700A8347F /* ContentView.swift in Sources */ = {isa = PBXBuildFile; fileRef = 09371AB02550D40700A8347F /* ContentView.swift */; };
		09371AB32550D40800A8347F /* Assets.xcassets in Resources */ = {isa = PBXBuildFile; fileRef = 09371AB22550D40800A8347F /* Assets.xcassets */; };
		09371AB62550D40800A8347F /* Preview Assets.xcassets in Resources */ = {isa = PBXBuildFile; fileRef = 09371AB52550D40800A8347F /* Preview Assets.xcassets */; };
		09371AC02550D46100A8347F /* SDWebImageSwiftUI in Frameworks */ = {isa = PBXBuildFile; productRef = 09371ABF2550D46100A8347F /* SDWebImageSwiftUI */; };
		09371AC82550D52A00A8347F /* Home.swift in Sources */ = {isa = PBXBuildFile; fileRef = 09371AC72550D52A00A8347F /* Home.swift */; };
		09371ACC2550D75100A8347F /* Post.swift in Sources */ = {isa = PBXBuildFile; fileRef = 09371ACB2550D75100A8347F /* Post.swift */; };
		09371ACF2550D9C200A8347F /* PostView.swift in Sources */ = {isa = PBXBuildFile; fileRef = 09371ACE2550D9C200A8347F /* PostView.swift */; };
		09371AD22553782500A8347F /* ReactionView.swift in Sources */ = {isa = PBXBuildFile; fileRef = 09371AD12553782500A8347F /* ReactionView.swift */; };
		09371ADB25537A4A00A8347F /* angry.gif in Resources */ = {isa = PBXBuildFile; fileRef = 09371AD525537A4900A8347F /* angry.gif */; };
		09371ADC25537A4A00A8347F /* haha.gif in Resources */ = {isa = PBXBuildFile; fileRef = 09371AD625537A4A00A8347F /* haha.gif */; };
		09371ADD25537A4A00A8347F /* like.gif in Resources */ = {isa = PBXBuildFile; fileRef = 09371AD725537A4A00A8347F /* like.gif */; };
		09371ADE25537A4A00A8347F /* love.gif in Resources */ = {isa = PBXBuildFile; fileRef = 09371AD825537A4A00A8347F /* love.gif */; };
		09371ADF25537A4A00A8347F /* sad.gif in Resources */ = {isa = PBXBuildFile; fileRef = 09371AD925537A4A00A8347F /* sad.gif */; };
		09371AE025537A4A00A8347F /* wow.gif in Resources */ = {isa = PBXBuildFile; fileRef = 09371ADA25537A4A00A8347F /* wow.gif */; };
/* End PBXBuildFile section */

/* Begin PBXFileReference section */
		09371AAB2550D40700A8347F /* FacebookReactions.app */ = {isa = PBXFileReference; explicitFileType = wrapper.application; includeInIndex = 0; path = FacebookReactions.app; sourceTree = BUILT_PRODUCTS_DIR; };
		09371AAE2550D40700A8347F /* FacebookReactionsApp.swift */ = {isa = PBXFileReference; lastKnownFileType = sourcecode.swift; path = FacebookReactionsApp.swift; sourceTree = "<group>"; };
		09371AB02550D40700A8347F /* ContentView.swift */ = {isa = PBXFileReference; lastKnownFileType = sourcecode.swift; path = ContentView.swift; sourceTree = "<group>"; };
		09371AB22550D40800A8347F /* Assets.xcassets */ = {isa = PBXFileReference; lastKnownFileType = folder.assetcatalog; path = Assets.xcassets; sourceTree = "<group>"; };
		09371AB52550D40800A8347F /* Preview Assets.xcassets */ = {isa = PBXFileReference; lastKnownFileType = folder.assetcatalog; path = "Preview Assets.xcassets"; sourceTree = "<group>"; };
		09371AB72550D40800A8347F /* Info.plist */ = {isa = PBXFileReference; lastKnownFileType = text.plist.xml; path = Info.plist; sourceTree = "<group>"; };
		09371AC72550D52A00A8347F /* Home.swift */ = {isa = PBXFileReference; lastKnownFileType = sourcecode.swift; path = Home.swift; sourceTree = "<group>"; };
		09371ACB2550D75100A8347F /* Post.swift */ = {isa = PBXFileReference; lastKnownFileType = sourcecode.swift; path = Post.swift; sourceTree = "<group>"; };
		09371ACE2550D9C200A8347F /* PostView.swift */ = {isa = PBXFileReference; lastKnownFileType = sourcecode.swift; path = PostView.swift; sourceTree = "<group>"; };
		09371AD12553782500A8347F /* ReactionView.swift */ = {isa = PBXFileReference; lastKnownFileType = sourcecode.swift; path = ReactionView.swift; sourceTree = "<group>"; };
		09371AD525537A4900A8347F /* angry.gif */ = {isa = PBXFileReference; lastKnownFileType = image.gif; path = angry.gif; sourceTree = "<group>"; };
		09371AD625537A4A00A8347F /* haha.gif */ = {isa = PBXFileReference; lastKnownFileType = image.gif; path = haha.gif; sourceTree = "<group>"; };
		09371AD725537A4A00A8347F /* like.gif */ = {isa = PBXFileReference; lastKnownFileType = image.gif; path = like.gif; sourceTree = "<group>"; };
		09371AD825537A4A00A8347F /* love.gif */ = {isa = PBXFileReference; lastKnownFileType = image.gif; path = love.gif; sourceTree = "<group>"; };
		09371AD925537A4A00A8347F /* sad.gif */ = {isa = PBXFileReference; lastKnownFileType = image.gif; path = sad.gif; sourceTree = "<group>"; };
		09371ADA25537A4A00A8347F /* wow.gif */ = {isa = PBXFileReference; lastKnownFileType = image.gif; path = wow.gif; sourceTree = "<group>"; };
/* End PBXFileReference section */

/* Begin PBXFrameworksBuildPhase section */
		09371AA82550D40700A8347F /* Frameworks */ = {
			isa = PBXFrameworksBuildPhase;
			buildActionMask = 2147483647;
			files = (
				09371AC02550D46100A8347F /* SDWebImageSwiftUI in Frameworks */,
			);
			runOnlyForDeploymentPostprocessing = 0;
		};
/* End PBXFrameworksBuildPhase section */

/* Begin PBXGroup section */
		09371AA22550D40700A8347F = {
			isa = PBXGroup;
			children = (
				09371AAD2550D40700A8347F /* FacebookReactions */,
				09371AAC2550D40700A8347F /* Products */,
			);
			sourceTree = "<group>";
		};
		09371AAC2550D40700A8347F /* Products */ = {
			isa = PBXGroup;
			children = (
				09371AAB2550D40700A8347F /* FacebookReactions.app */,
			);
			name = Products;
			sourceTree = "<group>";
		};
		09371AAD2550D40700A8347F /* FacebookReactions */ = {
			isa = PBXGroup;
			children = (
				09371AD425537A3300A8347F /* reactions */,
				09371AC62550D51700A8347F /* Model */,
				09371AC52550D50A00A8347F /* View */,
				09371AAE2550D40700A8347F /* FacebookReactionsApp.swift */,
				09371AB02550D40700A8347F /* ContentView.swift */,
				09371AB22550D40800A8347F /* Assets.xcassets */,
				09371AB72550D40800A8347F /* Info.plist */,
				09371AB42550D40800A8347F /* Preview Content */,
			);
			path = FacebookReactions;
			sourceTree = "<group>";
		};
		09371AB42550D40800A8347F /* Preview Content */ = {
			isa = PBXGroup;
			children = (
				09371AB52550D40800A8347F /* Preview Assets.xcassets */,
			);
			path = "Preview Content";
			sourceTree = "<group>";
		};
		09371AC52550D50A00A8347F /* View */ = {
			isa = PBXGroup;
			children = (
				09371AC72550D52A00A8347F /* Home.swift */,
				09371ACE2550D9C200A8347F /* PostView.swift */,
				09371AD12553782500A8347F /* ReactionView.swift */,
			);
			path = View;
			sourceTree = "<group>";
		};
		09371AC62550D51700A8347F /* Model */ = {
			isa = PBXGroup;
			children = (
				09371ACB2550D75100A8347F /* Post.swift */,
			);
			path = Model;
			sourceTree = "<group>";
		};
		09371AD425537A3300A8347F /* reactions */ = {
			isa = PBXGroup;
			children = (
				09371AD525537A4900A8347F /* angry.gif */,
				09371AD625537A4A00A8347F /* haha.gif */,
				09371AD725537A4A00A8347F /* like.gif */,
				09371AD825537A4A00A8347F /* love.gif */,
				09371AD925537A4A00A8347F /* sad.gif */,
				09371ADA25537A4A00A8347F /* wow.gif */,
			);
			path = reactions;
			sourceTree = "<group>";
		};
/* End PBXGroup section */

/* Begin PBXNativeTarget section */
		09371AAA2550D40700A8347F /* FacebookReactions */ = {
			isa = PBXNativeTarget;
			buildConfigurationList = 09371ABA2550D40800A8347F /* Build configuration list for PBXNativeTarget "FacebookReactions" */;
			buildPhases = (
				09371AA72550D40700A8347F /* Sources */,
				09371AA82550D40700A8347F /* Frameworks */,
				09371AA92550D40700A8347F /* Resources */,
			);
			buildRules = (
			);
			dependencies = (
			);
			name = FacebookReactions;
			packageProductDependencies = (
				09371ABF2550D46100A8347F /* SDWebImageSwiftUI */,
			);
			productName = FacebookReactions;
			productReference = 09371AAB2550D40700A8347F /* FacebookReactions.app */;
			productType = "com.apple.product-type.application";
		};
/* End PBXNativeTarget section */

/* Begin PBXProject section */
		09371AA32550D40700A8347F /* Project object */ = {
			isa = PBXProject;
			attributes = {
				LastSwiftUpdateCheck = 1200;
				LastUpgradeCheck = 1200;
				TargetAttributes = {
					09371AAA2550D40700A8347F = {
						CreatedOnToolsVersion = 12.0;
					};
				};
			};
			buildConfigurationList = 09371AA62550D40700A8347F /* Build configuration list for PBXProject "FacebookReactions" */;
			compatibilityVersion = "Xcode 9.3";
			developmentRegion = en;
			hasScannedForEncodings = 0;
			knownRegions = (
				en,
				Base,
			);
			mainGroup = 09371AA22550D40700A8347F;
			packageReferences = (
				09371ABE2550D46100A8347F /* XCRemoteSwiftPackageReference "SDWebImageSwiftUI" */,
			);
			productRefGroup = 09371AAC2550D40700A8347F /* Products */;
			projectDirPath = "";
			projectRoot = "";
			targets = (
				09371AAA2550D40700A8347F /* FacebookReactions */,
			);
		};
/* End PBXProject section */

/* Begin PBXResourcesBuildPhase section */
		09371AA92550D40700A8347F /* Resources */ = {
			isa = PBXResourcesBuildPhase;
			buildActionMask = 2147483647;
			files = (
				09371AB62550D40800A8347F /* Preview Assets.xcassets in Resources */,
				09371ADD25537A4A00A8347F /* like.gif in Resources */,
				09371AE025537A4A00A8347F /* wow.gif in Resources */,
				09371ADF25537A4A00A8347F /* sad.gif in Resources */,
				09371ADE25537A4A00A8347F /* love.gif in Resources */,
				09371ADC25537A4A00A8347F /* haha.gif in Resources */,
				09371ADB25537A4A00A8347F /* angry.gif in Resources */,
				09371AB32550D40800A8347F /* Assets.xcassets in Resources */,
			);
			runOnlyForDeploymentPostprocessing = 0;
		};
/* End PBXResourcesBuildPhase section */

/* Begin PBXSourcesBuildPhase section */
		09371AA72550D40700A8347F /* Sources */ = {
			isa = PBXSourcesBuildPhase;
			buildActionMask = 2147483647;
			files = (
				09371AB12550D40700A8347F /* ContentView.swift in Sources */,
				09371AD22553782500A8347F /* ReactionView.swift in Sources */,
				09371AC82550D52A00A8347F /* Home.swift in Sources */,
				09371AAF2550D40700A8347F /* FacebookReactionsApp.swift in Sources */,
				09371ACF2550D9C200A8347F /* PostView.swift in Sources */,
				09371ACC2550D75100A8347F /* Post.swift in Sources */,
			);
			runOnlyForDeploymentPostprocessing = 0;
		};
/* End PBXSourcesBuildPhase section */

/* Begin XCBuildConfiguration section */
		09371AB82550D40800A8347F /* Debug */ = {
			isa = XCBuildConfiguration;
			buildSettings = {
				ALWAYS_SEARCH_USER_PATHS = NO;
				CLANG_ANALYZER_NONNULL = YES;
				CLANG_ANALYZER_NUMBER_OBJECT_CONVERSION = YES_AGGRESSIVE;
				CLANG_CXX_LANGUAGE_STANDARD = "gnu++14";
				CLANG_CXX_LIBRARY = "libc++";
				CLANG_ENABLE_MODULES = YES;
				CLANG_ENABLE_OBJC_ARC = YES;
				CLANG_ENABLE_OBJC_WEAK = YES;
				CLANG_WARN_BLOCK_CAPTURE_AUTORELEASING = YES;
				CLANG_WARN_BOOL_CONVERSION = YES;
				CLANG_WARN_COMMA = YES;
				CLANG_WARN_CONSTANT_CONVERSION = YES;
				CLANG_WARN_DEPRECATED_OBJC_IMPLEMENTATIONS = YES;
				CLANG_WARN_DIRECT_OBJC_ISA_USAGE = YES_ERROR;
				CLANG_WARN_DOCUMENTATION_COMMENTS = YES;
				CLANG_WARN_EMPTY_BODY = YES;
				CLANG_WARN_ENUM_CONVERSION = YES;
				CLANG_WARN_INFINITE_RECURSION = YES;
				CLANG_WARN_INT_CONVERSION = YES;
				CLANG_WARN_NON_LITERAL_NULL_CONVERSION = YES;
				CLANG_WARN_OBJC_IMPLICIT_RETAIN_SELF = YES;
				CLANG_WARN_OBJC_LITERAL_CONVERSION = YES;
				CLANG_WARN_OBJC_ROOT_CLASS = YES_ERROR;
				CLANG_WARN_QUOTED_INCLUDE_IN_FRAMEWORK_HEADER = YES;
				CLANG_WARN_RANGE_LOOP_ANALYSIS = YES;
				CLANG_WARN_STRICT_PROTOTYPES = YES;
				CLANG_WARN_SUSPICIOUS_MOVE = YES;
				CLANG_WARN_UNGUARDED_AVAILABILITY = YES_AGGRESSIVE;
				CLANG_WARN_UNREACHABLE_CODE = YES;
				CLANG_WARN__DUPLICATE_METHOD_MATCH = YES;
				COPY_PHASE_STRIP = NO;
				DEBUG_INFORMATION_FORMAT = dwarf;
				ENABLE_STRICT_OBJC_MSGSEND = YES;
				ENABLE_TESTABILITY = YES;
				GCC_C_LANGUAGE_STANDARD = gnu11;
				GCC_DYNAMIC_NO_PIC = NO;
				GCC_NO_COMMON_BLOCKS = YES;
				GCC_OPTIMIZATION_LEVEL = 0;
				GCC_PREPROCESSOR_DEFINITIONS = (
					"DEBUG=1",
					"$(inherited)",
				);
				GCC_WARN_64_TO_32_BIT_CONVERSION = YES;
				GCC_WARN_ABOUT_RETURN_TYPE = YES_ERROR;
				GCC_WARN_UNDECLARED_SELECTOR = YES;
				GCC_WARN_UNINITIALIZED_AUTOS = YES_AGGRESSIVE;
				GCC_WARN_UNUSED_FUNCTION = YES;
				GCC_WARN_UNUSED_VARIABLE = YES;
				IPHONEOS_DEPLOYMENT_TARGET = 14.0;
				MTL_ENABLE_DEBUG_INFO = INCLUDE_SOURCE;
				MTL_FAST_MATH = YES;
				ONLY_ACTIVE_ARCH = YES;
				SDKROOT = iphoneos;
				SWIFT_ACTIVE_COMPILATION_CONDITIONS = DEBUG;
				SWIFT_OPTIMIZATION_LEVEL = "-Onone";
			};
			name = Debug;
		};
		09371AB92550D40800A8347F /* Release */ = {
			isa = XCBuildConfiguration;
			buildSettings = {
				ALWAYS_SEARCH_USER_PATHS = NO;
				CLANG_ANALYZER_NONNULL = YES;
				CLANG_ANALYZER_NUMBER_OBJECT_CONVERSION = YES_AGGRESSIVE;
				CLANG_CXX_LANGUAGE_STANDARD = "gnu++14";
				CLANG_CXX_LIBRARY = "libc++";
				CLANG_ENABLE_MODULES = YES;
				CLANG_ENABLE_OBJC_ARC = YES;
				CLANG_ENABLE_OBJC_WEAK = YES;
				CLANG_WARN_BLOCK_CAPTURE_AUTORELEASING = YES;
				CLANG_WARN_BOOL_CONVERSION = YES;
				CLANG_WARN_COMMA = YES;
				CLANG_WARN_CONSTANT_CONVERSION = YES;
				CLANG_WARN_DEPRECATED_OBJC_IMPLEMENTATIONS = YES;
				CLANG_WARN_DIRECT_OBJC_ISA_USAGE = YES_ERROR;
				CLANG_WARN_DOCUMENTATION_COMMENTS = YES;
				CLANG_WARN_EMPTY_BODY = YES;
				CLANG_WARN_ENUM_CONVERSION = YES;
				CLANG_WARN_INFINITE_RECURSION = YES;
				CLANG_WARN_INT_CONVERSION = YES;
				CLANG_WARN_NON_LITERAL_NULL_CONVERSION = YES;
				CLANG_WARN_OBJC_IMPLICIT_RETAIN_SELF = YES;
				CLANG_WARN_OBJC_LITERAL_CONVERSION = YES;
				CLANG_WARN_OBJC_ROOT_CLASS = YES_ERROR;
				CLANG_WARN_QUOTED_INCLUDE_IN_FRAMEWORK_HEADER = YES;
				CLANG_WARN_RANGE_LOOP_ANALYSIS = YES;
				CLANG_WARN_STRICT_PROTOTYPES = YES;
				CLANG_WARN_SUSPICIOUS_MOVE = YES;
				CLANG_WARN_UNGUARDED_AVAILABILITY = YES_AGGRESSIVE;
				CLANG_WARN_UNREACHABLE_CODE = YES;
				CLANG_WARN__DUPLICATE_METHOD_MATCH = YES;
				COPY_PHASE_STRIP = NO;
				DEBUG_INFORMATION_FORMAT = "dwarf-with-dsym";
				ENABLE_NS_ASSERTIONS = NO;
				ENABLE_STRICT_OBJC_MSGSEND = YES;
				GCC_C_LANGUAGE_STANDARD = gnu11;
				GCC_NO_COMMON_BLOCKS = YES;
				GCC_WARN_64_TO_32_BIT_CONVERSION = YES;
				GCC_WARN_ABOUT_RETURN_TYPE = YES_ERROR;
				GCC_WARN_UNDECLARED_SELECTOR = YES;
				GCC_WARN_UNINITIALIZED_AUTOS = YES_AGGRESSIVE;
				GCC_WARN_UNUSED_FUNCTION = YES;
				GCC_WARN_UNUSED_VARIABLE = YES;
				IPHONEOS_DEPLOYMENT_TARGET = 14.0;
				MTL_ENABLE_DEBUG_INFO = NO;
				MTL_FAST_MATH = YES;
				SDKROOT = iphoneos;
				SWIFT_COMPILATION_MODE = wholemodule;
				SWIFT_OPTIMIZATION_LEVEL = "-O";
				VALIDATE_PRODUCT = YES;
			};
			name = Release;
		};
		09371ABB2550D40800A8347F /* Debug */ = {
			isa = XCBuildConfiguration;
			buildSettings = {
				ASSETCATALOG_COMPILER_APPICON_NAME = AppIcon;
				ASSETCATALOG_COMPILER_GLOBAL_ACCENT_COLOR_NAME = AccentColor;
				CODE_SIGN_STYLE = Automatic;
				DEVELOPMENT_ASSET_PATHS = "\"FacebookReactions/Preview Content\"";
				DEVELOPMENT_TEAM = XC48HTB69A;
				ENABLE_PREVIEWS = YES;
				INFOPLIST_FILE = FacebookReactions/Info.plist;
				IPHONEOS_DEPLOYMENT_TARGET = 14.0;
				LD_RUNPATH_SEARCH_PATHS = (
					"$(inherited)",
					"@executable_path/Frameworks",
				);
				PRODUCT_BUNDLE_IDENTIFIER = com.RJHrabowskie.FacebookReactions;
				PRODUCT_NAME = "$(TARGET_NAME)";
				SWIFT_VERSION = 5.0;
				TARGETED_DEVICE_FAMILY = "1,2";
			};
			name = Debug;
		};
		09371ABC2550D40800A8347F /* Release */ = {
			isa = XCBuildConfiguration;
			buildSettings = {
				ASSETCATALOG_COMPILER_APPICON_NAME = AppIcon;
				ASSETCATALOG_COMPILER_GLOBAL_ACCENT_COLOR_NAME = AccentColor;
				CODE_SIGN_STYLE = Automatic;
				DEVELOPMENT_ASSET_PATHS = "\"FacebookReactions/Preview Content\"";
				DEVELOPMENT_TEAM = XC48HTB69A;
				ENABLE_PREVIEWS = YES;
				INFOPLIST_FILE = FacebookReactions/Info.plist;
				IPHONEOS_DEPLOYMENT_TARGET = 14.0;
				LD_RUNPATH_SEARCH_PATHS = (
					"$(inherited)",
					"@executable_path/Frameworks",
				);
				PRODUCT_BUNDLE_IDENTIFIER = com.RJHrabowskie.FacebookReactions;
				PRODUCT_NAME = "$(TARGET_NAME)";
				SWIFT_VERSION = 5.0;
				TARGETED_DEVICE_FAMILY = "1,2";
			};
			name = Release;
		};
/* End XCBuildConfiguration section */

/* Begin XCConfigurationList section */
		09371AA62550D40700A8347F /* Build configuration list for PBXProject "FacebookReactions" */ = {
			isa = XCConfigurationList;
			buildConfigurations = (
				09371AB82550D40800A8347F /* Debug */,
				09371AB92550D40800A8347F /* Release */,
			);
			defaultConfigurationIsVisible = 0;
			defaultConfigurationName = Release;
		};
		09371ABA2550D40800A8347F /* Build configuration list for PBXNativeTarget "FacebookReactions" */ = {
			isa = XCConfigurationList;
			buildConfigurations = (
				09371ABB2550D40800A8347F /* Debug */,
				09371ABC2550D40800A8347F /* Release */,
			);
			defaultConfigurationIsVisible = 0;
			defaultConfigurationName = Release;
		};
/* End XCConfigurationList section */

/* Begin XCRemoteSwiftPackageReference section */
		09371ABE2550D46100A8347F /* XCRemoteSwiftPackageReference "SDWebImageSwiftUI" */ = {
			isa = XCRemoteSwiftPackageReference;
			repositoryURL = "https://github.com/SDWebImage/SDWebImageSwiftUI";
			requirement = {
				kind = upToNextMajorVersion;
				minimumVersion = 1.5.0;
			};
		};
/* End XCRemoteSwiftPackageReference section */

/* Begin XCSwiftPackageProductDependency section */
		09371ABF2550D46100A8347F /* SDWebImageSwiftUI */ = {
			isa = XCSwiftPackageProductDependency;
			package = 09371ABE2550D46100A8347F /* XCRemoteSwiftPackageReference "SDWebImageSwiftUI" */;
			productName = SDWebImageSwiftUI;
		};
/* End XCSwiftPackageProductDependency section */
	};
	rootObject = 09371AA32550D40700A8347F /* Project object */;
}
